
Microsoft Visual Studio Solution File, Format Version 12.00
# Visual Studio Version 17
VisualStudioVersion = 17.10.35122.118
MinimumVisualStudioVersion = 10.0.40219.1
Project("{9A19103F-16F7-4668-BE54-9A1E7A4F7556}") = "IZUMUClientes.WebApi", "IZUMUClientes.WebApi\IZUMUClientes.WebApi.csproj", "{08C7CEB4-6A42-44E9-8DA1-395F2786242B}"
	ProjectSection(ProjectDependencies) = postProject
		{CA1C2D00-8EF9-4C26-B2EB-C7BFE08D3F1D} = {CA1C2D00-8EF9-4C26-B2EB-C7BFE08D3F1D}
	EndProjectSection
EndProject
Project("{FAE04EC0-301F-11D3-BF4B-00C04F79EFBC}") = "IZUMUClientes.WebApp2", "IZUMUClientes.WebApp2\IZUMUClientes.WebApp2.csproj", "{CA1C2D00-8EF9-4C26-B2EB-C7BFE08D3F1D}"
EndProject
Global
	GlobalSection(SolutionConfigurationPlatforms) = preSolution
		Debug|Any CPU = Debug|Any CPU
		Release|Any CPU = Release|Any CPU
	EndGlobalSection
	GlobalSection(ProjectConfigurationPlatforms) = postSolution
		{08C7CEB4-6A42-44E9-8DA1-395F2786242B}.Debug|Any CPU.ActiveCfg = Debug|Any CPU
		{08C7CEB4-6A42-44E9-8DA1-395F2786242B}.Debug|Any CPU.Build.0 = Debug|Any CPU
		{08C7CEB4-6A42-44E9-8DA1-395F2786242B}.Release|Any CPU.ActiveCfg = Release|Any CPU
		{08C7CEB4-6A42-44E9-8DA1-395F2786242B}.Release|Any CPU.Build.0 = Release|Any CPU
		{CA1C2D00-8EF9-4C26-B2EB-C7BFE08D3F1D}.Debug|Any CPU.ActiveCfg = Debug|Any CPU
		{CA1C2D00-8EF9-4C26-B2EB-C7BFE08D3F1D}.Debug|Any CPU.Build.0 = Debug|Any CPU
		{CA1C2D00-8EF9-4C26-B2EB-C7BFE08D3F1D}.Release|Any CPU.ActiveCfg = Release|Any CPU
		{CA1C2D00-8EF9-4C26-B2EB-C7BFE08D3F1D}.Release|Any CPU.Build.0 = Release|Any CPU
	EndGlobalSection
	GlobalSection(SolutionProperties) = preSolution
		HideSolutionNode = FALSE
	EndGlobalSection
	GlobalSection(ExtensibilityGlobals) = postSolution
		SolutionGuid = {45F99883-C354-4CE8-AB04-B52424B66CD5}
	EndGlobalSection
EndGlobal
